
Microsoft Visual Studio Solution File, Format Version 12.00
# Visual Studio Version 16
VisualStudioVersion = 16.0.31229.75
MinimumVisualStudioVersion = 10.0.40219.1
Project("{FAE04EC0-301F-11D3-BF4B-00C04F79EFBC}") = "Chương 7", "Chương 7\Chương 7.csproj", "{3F3BF9BD-FA0B-4042-822D-53752EF2A656}"
EndProject
Global
	GlobalSection(SolutionConfigurationPlatforms) = preSolution
		Debug|Any CPU = Debug|Any CPU
		Release|Any CPU = Release|Any CPU
	EndGlobalSection
	GlobalSection(ProjectConfigurationPlatforms) = postSolution
		{3F3BF9BD-FA0B-4042-822D-53752EF2A656}.Debug|Any CPU.ActiveCfg = Debug|Any CPU
		{3F3BF9BD-FA0B-4042-822D-53752EF2A656}.Debug|Any CPU.Build.0 = Debug|Any CPU
		{3F3BF9BD-FA0B-4042-822D-53752EF2A656}.Release|Any CPU.ActiveCfg = Release|Any CPU
		{3F3BF9BD-FA0B-4042-822D-53752EF2A656}.Release|Any CPU.Build.0 = Release|Any CPU
	EndGlobalSection
	GlobalSection(SolutionProperties) = preSolution
		HideSolutionNode = FALSE
	EndGlobalSection
	GlobalSection(ExtensibilityGlobals) = postSolution
		SolutionGuid = {7201FFD3-95EE-4410-8361-35A1FDCA663D}
	EndGlobalSection
EndGlobal
