
Microsoft Visual Studio Solution File, Format Version 12.00
# Visual Studio Version 16
VisualStudioVersion = 16.0.30907.101
MinimumVisualStudioVersion = 10.0.40219.1
Project("{FAE04EC0-301F-11D3-BF4B-00C04F79EFBC}") = "Chuong3_bt3", "Chuong3_bt3\Chuong3_bt3.csproj", "{C5DE3E46-DED5-44B9-ADA4-F2B468E56663}"
EndProject
Global
	GlobalSection(SolutionConfigurationPlatforms) = preSolution
		Debug|Any CPU = Debug|Any CPU
		Release|Any CPU = Release|Any CPU
	EndGlobalSection
	GlobalSection(ProjectConfigurationPlatforms) = postSolution
		{C5DE3E46-DED5-44B9-ADA4-F2B468E56663}.Debug|Any CPU.ActiveCfg = Debug|Any CPU
		{C5DE3E46-DED5-44B9-ADA4-F2B468E56663}.Debug|Any CPU.Build.0 = Debug|Any CPU
		{C5DE3E46-DED5-44B9-ADA4-F2B468E56663}.Release|Any CPU.ActiveCfg = Release|Any CPU
		{C5DE3E46-DED5-44B9-ADA4-F2B468E56663}.Release|Any CPU.Build.0 = Release|Any CPU
	EndGlobalSection
	GlobalSection(SolutionProperties) = preSolution
		HideSolutionNode = FALSE
	EndGlobalSection
	GlobalSection(ExtensibilityGlobals) = postSolution
		SolutionGuid = {A2173828-CAE4-4CDD-8BE1-E47649479F05}
	EndGlobalSection
EndGlobal
