
Microsoft Visual Studio Solution File, Format Version 12.00
# Visual Studio Version 16
VisualStudioVersion = 16.0.30907.101
MinimumVisualStudioVersion = 10.0.40219.1
Project("{FAE04EC0-301F-11D3-BF4B-00C04F79EFBC}") = "Chuong3_b1.1", "Chuong3_b1.1\Chuong3_b1.1.csproj", "{BA836A03-B349-444B-B2B8-F3624D2414D4}"
EndProject
Global
	GlobalSection(SolutionConfigurationPlatforms) = preSolution
		Debug|Any CPU = Debug|Any CPU
		Release|Any CPU = Release|Any CPU
	EndGlobalSection
	GlobalSection(ProjectConfigurationPlatforms) = postSolution
		{BA836A03-B349-444B-B2B8-F3624D2414D4}.Debug|Any CPU.ActiveCfg = Debug|Any CPU
		{BA836A03-B349-444B-B2B8-F3624D2414D4}.Debug|Any CPU.Build.0 = Debug|Any CPU
		{BA836A03-B349-444B-B2B8-F3624D2414D4}.Release|Any CPU.ActiveCfg = Release|Any CPU
		{BA836A03-B349-444B-B2B8-F3624D2414D4}.Release|Any CPU.Build.0 = Release|Any CPU
	EndGlobalSection
	GlobalSection(SolutionProperties) = preSolution
		HideSolutionNode = FALSE
	EndGlobalSection
	GlobalSection(ExtensibilityGlobals) = postSolution
		SolutionGuid = {357E2A6F-08ED-4062-A0BA-5C4D842CC4C6}
	EndGlobalSection
EndGlobal
