
Microsoft Visual Studio Solution File, Format Version 12.00
# Visual Studio Version 16
VisualStudioVersion = 16.0.30907.101
MinimumVisualStudioVersion = 10.0.40219.1
Project("{FAE04EC0-301F-11D3-BF4B-00C04F79EFBC}") = "Chuong3_p3_2", "Chuong3_p3_2\Chuong3_p3_2.csproj", "{37F1B5E9-A37D-44AE-ABA5-3117449E7901}"
EndProject
Global
	GlobalSection(SolutionConfigurationPlatforms) = preSolution
		Debug|Any CPU = Debug|Any CPU
		Release|Any CPU = Release|Any CPU
	EndGlobalSection
	GlobalSection(ProjectConfigurationPlatforms) = postSolution
		{37F1B5E9-A37D-44AE-ABA5-3117449E7901}.Debug|Any CPU.ActiveCfg = Debug|Any CPU
		{37F1B5E9-A37D-44AE-ABA5-3117449E7901}.Debug|Any CPU.Build.0 = Debug|Any CPU
		{37F1B5E9-A37D-44AE-ABA5-3117449E7901}.Release|Any CPU.ActiveCfg = Release|Any CPU
		{37F1B5E9-A37D-44AE-ABA5-3117449E7901}.Release|Any CPU.Build.0 = Release|Any CPU
	EndGlobalSection
	GlobalSection(SolutionProperties) = preSolution
		HideSolutionNode = FALSE
	EndGlobalSection
	GlobalSection(ExtensibilityGlobals) = postSolution
		SolutionGuid = {32AB4547-6F24-4222-9C68-C049E9BE77F6}
	EndGlobalSection
EndGlobal
