
Microsoft Visual Studio Solution File, Format Version 12.00
# Visual Studio Version 16
VisualStudioVersion = 16.0.30907.101
MinimumVisualStudioVersion = 10.0.40219.1
Project("{FAE04EC0-301F-11D3-BF4B-00C04F79EFBC}") = "Chuong3_B6", "Chuong3_B6\Chuong3_B6.csproj", "{B53840A1-640E-4CEE-B180-8DA9569AE81C}"
EndProject
Global
	GlobalSection(SolutionConfigurationPlatforms) = preSolution
		Debug|Any CPU = Debug|Any CPU
		Release|Any CPU = Release|Any CPU
	EndGlobalSection
	GlobalSection(ProjectConfigurationPlatforms) = postSolution
		{B53840A1-640E-4CEE-B180-8DA9569AE81C}.Debug|Any CPU.ActiveCfg = Debug|Any CPU
		{B53840A1-640E-4CEE-B180-8DA9569AE81C}.Debug|Any CPU.Build.0 = Debug|Any CPU
		{B53840A1-640E-4CEE-B180-8DA9569AE81C}.Release|Any CPU.ActiveCfg = Release|Any CPU
		{B53840A1-640E-4CEE-B180-8DA9569AE81C}.Release|Any CPU.Build.0 = Release|Any CPU
	EndGlobalSection
	GlobalSection(SolutionProperties) = preSolution
		HideSolutionNode = FALSE
	EndGlobalSection
	GlobalSection(ExtensibilityGlobals) = postSolution
		SolutionGuid = {51A8BA84-E2BD-4D5C-AE61-CA28D934AE6C}
	EndGlobalSection
EndGlobal
