
Microsoft Visual Studio Solution File, Format Version 12.00
# Visual Studio Version 16
VisualStudioVersion = 16.0.30907.101
MinimumVisualStudioVersion = 10.0.40219.1
Project("{FAE04EC0-301F-11D3-BF4B-00C04F79EFBC}") = "Quanlybanhang1", "Quanlybanhang1\Quanlybanhang1.csproj", "{15E59B47-F281-4203-AA19-4219ABBDD55A}"
EndProject
Global
	GlobalSection(SolutionConfigurationPlatforms) = preSolution
		Debug|Any CPU = Debug|Any CPU
		Release|Any CPU = Release|Any CPU
	EndGlobalSection
	GlobalSection(ProjectConfigurationPlatforms) = postSolution
		{15E59B47-F281-4203-AA19-4219ABBDD55A}.Debug|Any CPU.ActiveCfg = Debug|Any CPU
		{15E59B47-F281-4203-AA19-4219ABBDD55A}.Debug|Any CPU.Build.0 = Debug|Any CPU
		{15E59B47-F281-4203-AA19-4219ABBDD55A}.Release|Any CPU.ActiveCfg = Release|Any CPU
		{15E59B47-F281-4203-AA19-4219ABBDD55A}.Release|Any CPU.Build.0 = Release|Any CPU
	EndGlobalSection
	GlobalSection(SolutionProperties) = preSolution
		HideSolutionNode = FALSE
	EndGlobalSection
	GlobalSection(ExtensibilityGlobals) = postSolution
		SolutionGuid = {366EF0AD-968A-4686-BBF9-E825ACFE2474}
	EndGlobalSection
EndGlobal
