
Microsoft Visual Studio Solution File, Format Version 12.00
# Visual Studio Version 16
VisualStudioVersion = 16.0.30907.101
MinimumVisualStudioVersion = 10.0.40219.1
Project("{FAE04EC0-301F-11D3-BF4B-00C04F79EFBC}") = "Chuong3_part2_B2", "Chuong3_part2_B2\Chuong3_part2_B2.csproj", "{F5152819-DE0E-4C0C-B724-FA8F7A56FBB5}"
EndProject
Global
	GlobalSection(SolutionConfigurationPlatforms) = preSolution
		Debug|Any CPU = Debug|Any CPU
		Release|Any CPU = Release|Any CPU
	EndGlobalSection
	GlobalSection(ProjectConfigurationPlatforms) = postSolution
		{F5152819-DE0E-4C0C-B724-FA8F7A56FBB5}.Debug|Any CPU.ActiveCfg = Debug|Any CPU
		{F5152819-DE0E-4C0C-B724-FA8F7A56FBB5}.Debug|Any CPU.Build.0 = Debug|Any CPU
		{F5152819-DE0E-4C0C-B724-FA8F7A56FBB5}.Release|Any CPU.ActiveCfg = Release|Any CPU
		{F5152819-DE0E-4C0C-B724-FA8F7A56FBB5}.Release|Any CPU.Build.0 = Release|Any CPU
	EndGlobalSection
	GlobalSection(SolutionProperties) = preSolution
		HideSolutionNode = FALSE
	EndGlobalSection
	GlobalSection(ExtensibilityGlobals) = postSolution
		SolutionGuid = {FC429455-5442-4BAB-9DB8-88BA6C0D5F7A}
	EndGlobalSection
EndGlobal
