
Microsoft Visual Studio Solution File, Format Version 12.00
# Visual Studio Version 16
VisualStudioVersion = 16.0.30907.101
MinimumVisualStudioVersion = 10.0.40219.1
Project("{FAE04EC0-301F-11D3-BF4B-00C04F79EFBC}") = "Vidu2_Chuong4", "Vidu2_Chuong4\Vidu2_Chuong4.csproj", "{73B9D57F-0FF5-42B6-B75E-02CE735FCCDC}"
EndProject
Global
	GlobalSection(SolutionConfigurationPlatforms) = preSolution
		Debug|Any CPU = Debug|Any CPU
		Release|Any CPU = Release|Any CPU
	EndGlobalSection
	GlobalSection(ProjectConfigurationPlatforms) = postSolution
		{73B9D57F-0FF5-42B6-B75E-02CE735FCCDC}.Debug|Any CPU.ActiveCfg = Debug|Any CPU
		{73B9D57F-0FF5-42B6-B75E-02CE735FCCDC}.Debug|Any CPU.Build.0 = Debug|Any CPU
		{73B9D57F-0FF5-42B6-B75E-02CE735FCCDC}.Release|Any CPU.ActiveCfg = Release|Any CPU
		{73B9D57F-0FF5-42B6-B75E-02CE735FCCDC}.Release|Any CPU.Build.0 = Release|Any CPU
	EndGlobalSection
	GlobalSection(SolutionProperties) = preSolution
		HideSolutionNode = FALSE
	EndGlobalSection
	GlobalSection(ExtensibilityGlobals) = postSolution
		SolutionGuid = {1F0899D8-722B-46E4-9582-1CD102B44699}
	EndGlobalSection
EndGlobal
