
Microsoft Visual Studio Solution File, Format Version 12.00
# Visual Studio Version 16
VisualStudioVersion = 16.0.30907.101
MinimumVisualStudioVersion = 10.0.40219.1
Project("{FAE04EC0-301F-11D3-BF4B-00C04F79EFBC}") = "Chuong3_part2_B1", "Chuong3_part2_B1\Chuong3_part2_B1.csproj", "{52DC8E1D-49E0-4DCA-87C4-B8071C21B9A7}"
EndProject
Global
	GlobalSection(SolutionConfigurationPlatforms) = preSolution
		Debug|Any CPU = Debug|Any CPU
		Release|Any CPU = Release|Any CPU
	EndGlobalSection
	GlobalSection(ProjectConfigurationPlatforms) = postSolution
		{52DC8E1D-49E0-4DCA-87C4-B8071C21B9A7}.Debug|Any CPU.ActiveCfg = Debug|Any CPU
		{52DC8E1D-49E0-4DCA-87C4-B8071C21B9A7}.Debug|Any CPU.Build.0 = Debug|Any CPU
		{52DC8E1D-49E0-4DCA-87C4-B8071C21B9A7}.Release|Any CPU.ActiveCfg = Release|Any CPU
		{52DC8E1D-49E0-4DCA-87C4-B8071C21B9A7}.Release|Any CPU.Build.0 = Release|Any CPU
	EndGlobalSection
	GlobalSection(SolutionProperties) = preSolution
		HideSolutionNode = FALSE
	EndGlobalSection
	GlobalSection(ExtensibilityGlobals) = postSolution
		SolutionGuid = {97741409-5553-4BA6-BB30-5F813CF9A524}
	EndGlobalSection
EndGlobal
