
Microsoft Visual Studio Solution File, Format Version 12.00
# Visual Studio Version 16
VisualStudioVersion = 16.0.30907.101
MinimumVisualStudioVersion = 10.0.40219.1
Project("{FAE04EC0-301F-11D3-BF4B-00C04F79EFBC}") = "test3", "test3\test3.csproj", "{102FB923-5DA7-4E77-946D-2443C6819FB5}"
EndProject
Global
	GlobalSection(SolutionConfigurationPlatforms) = preSolution
		Debug|Any CPU = Debug|Any CPU
		Release|Any CPU = Release|Any CPU
	EndGlobalSection
	GlobalSection(ProjectConfigurationPlatforms) = postSolution
		{102FB923-5DA7-4E77-946D-2443C6819FB5}.Debug|Any CPU.ActiveCfg = Debug|Any CPU
		{102FB923-5DA7-4E77-946D-2443C6819FB5}.Debug|Any CPU.Build.0 = Debug|Any CPU
		{102FB923-5DA7-4E77-946D-2443C6819FB5}.Release|Any CPU.ActiveCfg = Release|Any CPU
		{102FB923-5DA7-4E77-946D-2443C6819FB5}.Release|Any CPU.Build.0 = Release|Any CPU
	EndGlobalSection
	GlobalSection(SolutionProperties) = preSolution
		HideSolutionNode = FALSE
	EndGlobalSection
	GlobalSection(ExtensibilityGlobals) = postSolution
		SolutionGuid = {C5B6CC1C-0065-4DA2-9C57-C7B777DDAFDF}
	EndGlobalSection
EndGlobal
