
Microsoft Visual Studio Solution File, Format Version 12.00
# Visual Studio Version 16
VisualStudioVersion = 16.0.30907.101
MinimumVisualStudioVersion = 10.0.40219.1
Project("{FAE04EC0-301F-11D3-BF4B-00C04F79EFBC}") = "onktratg1.1", "onktratg1.1\onktratg1.1.csproj", "{BA36F93D-A5A2-4739-8AD1-FDD9919B9483}"
EndProject
Global
	GlobalSection(SolutionConfigurationPlatforms) = preSolution
		Debug|Any CPU = Debug|Any CPU
		Release|Any CPU = Release|Any CPU
	EndGlobalSection
	GlobalSection(ProjectConfigurationPlatforms) = postSolution
		{BA36F93D-A5A2-4739-8AD1-FDD9919B9483}.Debug|Any CPU.ActiveCfg = Debug|Any CPU
		{BA36F93D-A5A2-4739-8AD1-FDD9919B9483}.Debug|Any CPU.Build.0 = Debug|Any CPU
		{BA36F93D-A5A2-4739-8AD1-FDD9919B9483}.Release|Any CPU.ActiveCfg = Release|Any CPU
		{BA36F93D-A5A2-4739-8AD1-FDD9919B9483}.Release|Any CPU.Build.0 = Release|Any CPU
	EndGlobalSection
	GlobalSection(SolutionProperties) = preSolution
		HideSolutionNode = FALSE
	EndGlobalSection
	GlobalSection(ExtensibilityGlobals) = postSolution
		SolutionGuid = {36CEF59F-70C8-4822-91F1-DF088595471D}
	EndGlobalSection
EndGlobal
